<?xml version="1.0" encoding="utf-8"?>
<Project ToolsVersion="4.0" xmlns="http://schemas.microsoft.com/developer/msbuild/2003">
  <ItemGroup>
    <Filter Include="Source Files">
      <UniqueIdentifier>{4FC737F1-C7A5-4376-A066-2A32D752A2FF}</UniqueIdentifier>
      <Extensions>cpp;c;cc;cxx;def;odl;idl;hpj;bat;asm;asmx</Extensions>
    </Filter>
    <Filter Include="Header Files">
      <UniqueIdentifier>{93995380-89BD-4b04-88EB-625FBE52EBFB}</UniqueIdentifier>
      <Extensions>h;hh;hpp;hxx;hm;inl;inc;ipp;xsd</Extensions>
    </Filter>
    <Filter Include="Resource Files">
      <UniqueIdentifier>{67DA6AB6-F800-4c08-8B7A-83BB121AAD01}</UniqueIdentifier>
      <Extensions>rc;ico;cur;bmp;dlg;rc2;rct;bin;rgs;gif;jpg;jpeg;jpe;resx;tiff;tif;png;wav;mfcribbon-ms</Extensions>
    </Filter>
    <Filter Include="Source Files\Day1">
      <UniqueIdentifier>{8cc9cf44-0767-46b0-8cb2-5f7ca580e599}</UniqueIdentifier>
    </Filter>
    <Filter Include="Source Files\Day2">
      <UniqueIdentifier>{9e0cc335-609d-463a-a9cd-1fa4d861791e}</UniqueIdentifier>
    </Filter>
    <Filter Include="Source Files\Day3">
      <UniqueIdentifier>{a6661dc7-8047-48e4-a2b9-95529e1e4319}</UniqueIdentifier>
    </Filter>
  </ItemGroup>
  <ItemGroup>
    <ClCompile Include="CompoundType.cpp">
      <Filter>Source Files\Day1</Filter>
    </ClCompile>
    <ClCompile Include="ConstDoc.cpp">
      <Filter>Source Files\Day1</Filter>
    </ClCompile>
    <ClCompile Include="BookManage.cpp">
      <Filter>Source Files\Day2</Filter>
    </ClCompile>
  </ItemGroup>
</Project>